
Microsoft Visual Studio Solution File, Format Version 12.00
# Visual Studio Version 17
VisualStudioVersion = 17.0.32014.148
MinimumVisualStudioVersion = 10.0.40219.1
Project("{FAE04EC0-301F-11D3-BF4B-00C04F79EFBC}") = "CadastroDePessoas", "CadastroDePessoas\CadastroDePessoas.csproj", "{03C2CE73-0126-40CB-AD7B-3429843EEC2B}"
EndProject
Global
	GlobalSection(SolutionConfigurationPlatforms) = preSolution
		Debug|Any CPU = Debug|Any CPU
		Release|Any CPU = Release|Any CPU
	EndGlobalSection
	GlobalSection(ProjectConfigurationPlatforms) = postSolution
		{03C2CE73-0126-40CB-AD7B-3429843EEC2B}.Debug|Any CPU.ActiveCfg = Debug|Any CPU
		{03C2CE73-0126-40CB-AD7B-3429843EEC2B}.Debug|Any CPU.Build.0 = Debug|Any CPU
		{03C2CE73-0126-40CB-AD7B-3429843EEC2B}.Release|Any CPU.ActiveCfg = Release|Any CPU
		{03C2CE73-0126-40CB-AD7B-3429843EEC2B}.Release|Any CPU.Build.0 = Release|Any CPU
	EndGlobalSection
	GlobalSection(SolutionProperties) = preSolution
		HideSolutionNode = FALSE
	EndGlobalSection
	GlobalSection(ExtensibilityGlobals) = postSolution
		SolutionGuid = {EEBD83A3-5830-4608-BD7D-80D615CEA378}
	EndGlobalSection
EndGlobal
